
Microsoft Visual Studio Solution File, Format Version 12.00
# Visual Studio Version 17
VisualStudioVersion = 17.4.33403.182
MinimumVisualStudioVersion = 10.0.40219.1
Project("{FAE04EC0-301F-11D3-BF4B-00C04F79EFBC}") = "Goal Setting project", "Goal Setting project.csproj", "{C4400C97-8100-4B09-BD8E-2760DCED6FBF}"
EndProject
Global
	GlobalSection(SolutionConfigurationPlatforms) = preSolution
		Debug|Any CPU = Debug|Any CPU
		Release|Any CPU = Release|Any CPU
	EndGlobalSection
	GlobalSection(ProjectConfigurationPlatforms) = postSolution
		{C4400C97-8100-4B09-BD8E-2760DCED6FBF}.Debug|Any CPU.ActiveCfg = Debug|Any CPU
		{C4400C97-8100-4B09-BD8E-2760DCED6FBF}.Debug|Any CPU.Build.0 = Debug|Any CPU
		{C4400C97-8100-4B09-BD8E-2760DCED6FBF}.Release|Any CPU.ActiveCfg = Release|Any CPU
		{C4400C97-8100-4B09-BD8E-2760DCED6FBF}.Release|Any CPU.Build.0 = Release|Any CPU
	EndGlobalSection
	GlobalSection(SolutionProperties) = preSolution
		HideSolutionNode = FALSE
	EndGlobalSection
	GlobalSection(ExtensibilityGlobals) = postSolution
		SolutionGuid = {379547E0-40DC-49C1-85EF-9EADDAB547D3}
	EndGlobalSection
EndGlobal
